Microsoft Visual Studio Solution File, Format Version 12.00
# Visual Studio Version 17
VisualStudioVersion = 17.5.2.0
MinimumVisualStudioVersion = 10.0.40219.1
Project("{FAE04EC0-301F-11D3-BF4B-00C04F79EFBC}") = "edomozh.clock", "edomozh.clock\edomozh.clock.csproj", "{28DA5109-77C5-332B-9FD5-E87DEEE3469B}"
EndProject
Global
	GlobalSection(SolutionConfigurationPlatforms) = preSolution
		Debug|Any CPU = Debug|Any CPU
		Release|Any CPU = Release|Any CPU
	EndGlobalSection
	GlobalSection(ProjectConfigurationPlatforms) = postSolution
		{28DA5109-77C5-332B-9FD5-E87DEEE3469B}.Debug|Any CPU.ActiveCfg = Debug|Any CPU
		{28DA5109-77C5-332B-9FD5-E87DEEE3469B}.Debug|Any CPU.Build.0 = Debug|Any CPU
		{28DA5109-77C5-332B-9FD5-E87DEEE3469B}.Release|Any CPU.ActiveCfg = Release|Any CPU
		{28DA5109-77C5-332B-9FD5-E87DEEE3469B}.Release|Any CPU.Build.0 = Release|Any CPU
	EndGlobalSection
	GlobalSection(SolutionProperties) = preSolution
		HideSolutionNode = FALSE
	EndGlobalSection
	GlobalSection(ExtensibilityGlobals) = postSolution
		SolutionGuid = {F19C30BA-F431-4FBB-9AA4-6DC8793E41F7}
	EndGlobalSection
EndGlobal
